
Microsoft Visual Studio Solution File, Format Version 12.00
# Visual Studio Version 16
VisualStudioVersion = 16.0.29613.14
MinimumVisualStudioVersion = 10.0.40219.1
Project("{9A19103F-16F7-4668-BE54-9A1E7A4F7556}") = "EdFi.FIF.Core", "EdFi.FIF.Core\EdFi.FIF.Core.csproj", "{CAAAF637-630E-40BF-9E95-10DFF103C10F}"
EndProject
Project("{9A19103F-16F7-4668-BE54-9A1E7A4F7556}") = "EdFi.FIF.Database", "EdFi.FIF.Database\EdFi.FIF.Database.csproj", "{1F0BD1A7-05F4-4CA2-98C1-5F33126FC4CF}"
EndProject
Project("{9A19103F-16F7-4668-BE54-9A1E7A4F7556}") = "EdFi.FIF.Data", "EdFi.FIF.Data\EdFi.FIF.Data.csproj", "{49853517-0F64-4F99-9F00-E04426045547}"
EndProject
Project("{FAE04EC0-301F-11D3-BF4B-00C04F79EFBC}") = "EdFi.FIF.GraphQL", "EdFi.FIF.GraphQL\EdFi.FIF.GraphQL.csproj", "{88275DCC-F0E1-48F7-88B5-D11703632EB8}"
EndProject
Global
	GlobalSection(SolutionConfigurationPlatforms) = preSolution
		Debug|Any CPU = Debug|Any CPU
		Release|Any CPU = Release|Any CPU
	EndGlobalSection
	GlobalSection(ProjectConfigurationPlatforms) = postSolution
		{CAAAF637-630E-40BF-9E95-10DFF103C10F}.Debug|Any CPU.ActiveCfg = Debug|Any CPU
		{CAAAF637-630E-40BF-9E95-10DFF103C10F}.Debug|Any CPU.Build.0 = Debug|Any CPU
		{CAAAF637-630E-40BF-9E95-10DFF103C10F}.Release|Any CPU.ActiveCfg = Release|Any CPU
		{CAAAF637-630E-40BF-9E95-10DFF103C10F}.Release|Any CPU.Build.0 = Release|Any CPU
		{1F0BD1A7-05F4-4CA2-98C1-5F33126FC4CF}.Debug|Any CPU.ActiveCfg = Debug|Any CPU
		{1F0BD1A7-05F4-4CA2-98C1-5F33126FC4CF}.Debug|Any CPU.Build.0 = Debug|Any CPU
		{1F0BD1A7-05F4-4CA2-98C1-5F33126FC4CF}.Release|Any CPU.ActiveCfg = Release|Any CPU
		{1F0BD1A7-05F4-4CA2-98C1-5F33126FC4CF}.Release|Any CPU.Build.0 = Release|Any CPU
		{49853517-0F64-4F99-9F00-E04426045547}.Debug|Any CPU.ActiveCfg = Debug|Any CPU
		{49853517-0F64-4F99-9F00-E04426045547}.Debug|Any CPU.Build.0 = Debug|Any CPU
		{49853517-0F64-4F99-9F00-E04426045547}.Release|Any CPU.ActiveCfg = Release|Any CPU
		{49853517-0F64-4F99-9F00-E04426045547}.Release|Any CPU.Build.0 = Release|Any CPU
		{88275DCC-F0E1-48F7-88B5-D11703632EB8}.Debug|Any CPU.ActiveCfg = Debug|Any CPU
		{88275DCC-F0E1-48F7-88B5-D11703632EB8}.Debug|Any CPU.Build.0 = Debug|Any CPU
		{88275DCC-F0E1-48F7-88B5-D11703632EB8}.Release|Any CPU.ActiveCfg = Release|Any CPU
		{88275DCC-F0E1-48F7-88B5-D11703632EB8}.Release|Any CPU.Build.0 = Release|Any CPU
	EndGlobalSection
	GlobalSection(SolutionProperties) = preSolution
		HideSolutionNode = FALSE
	EndGlobalSection
	GlobalSection(ExtensibilityGlobals) = postSolution
		SolutionGuid = {EBCE4864-43E2-4EB9-9EC0-DD6DAE11785E}
	EndGlobalSection
EndGlobal
